{
  "name": "gh-actions-lockfile",
  "version": "1.0.0",
  "lockfileVersion": 3,
  "requires": true,
  "packages": {
    "": {
      "name": "gh-actions-lockfile",
      "version": "1.0.0",
      "license": "AGPL-3.0-or-later",
      "workspaces": [
        "website"
      ],
      "dependencies": {
        "commander": "^14.0.2",
        "p-limit": "^7.2.0",
        "yaml": "^2.6.1"
      },
      "bin": {
        "gh-actions-lockfile": "dist/cli.js"
      },
      "devDependencies": {
        "@types/bun": "latest",
        "oxlint": "^1.33.0",
        "typescript": "^5.7.2"
      }
    },
    "node_modules/@oxlint/darwin-arm64": {
      "version": "1.35.0",
      "cpu": [
        "arm64"
      ],
      "dev": true,
      "license": "MIT",
      "optional": true,
      "os": [
        "darwin"
      ]
    },
    "node_modules/@types/bun": {
      "version": "1.3.5",
      "resolved": "https://registry.npmjs.org/@types/bun/-/bun-1.3.5.tgz",
      "integrity": "sha512-RnygCqNrd3srIPEWBd5LFeUYG7plCoH2Yw9WaZGyNmdTEei+gWaHqydbaIRkIkcbXwhBT94q78QljxN0Sk838w==",
      "dev": true,
      "license": "MIT",
      "dependencies": {
        "bun-types": "1.3.5"
      }
    },
    "node_modules/@types/node": {
      "version": "22.19.3",
      "dev": true,
      "license": "MIT",
      "dependencies": {
        "undici-types": "~6.21.0"
      }
    },
    "node_modules/bun-types": {
      "version": "1.3.5",
      "resolved": "https://registry.npmjs.org/bun-types/-/bun-types-1.3.5.tgz",
      "integrity": "sha512-inmAYe2PFLs0SUbFOWSVD24sg1jFlMPxOjOSSCYqUgn4Hsc3rDc7dFvfVYjFPNHtov6kgUeulV4SxbuIV/stPw==",
      "dev": true,
      "license": "MIT",
      "dependencies": {
        "@types/node": "*"
      }
    },
    "node_modules/commander": {
      "version": "14.0.2",
      "license": "MIT",
      "engines": {
        "node": ">=20"
      }
    },
    "node_modules/gh-actions-lockfile-website": {
      "resolved": "website",
      "link": true
    },
    "node_modules/oxlint": {
      "version": "1.35.0",
      "dev": true,
      "license": "MIT",
      "bin": {
        "oxc_language_server": "bin/oxc_language_server",
        "oxlint": "bin/oxlint"
      },
      "engines": {
        "node": "^20.19.0 || >=22.12.0"
      },
      "funding": {
        "url": "https://github.com/sponsors/Boshen"
      },
      "optionalDependencies": {
        "@oxlint/darwin-arm64": "1.35.0",
        "@oxlint/darwin-x64": "1.35.0",
        "@oxlint/linux-arm64-gnu": "1.35.0",
        "@oxlint/linux-arm64-musl": "1.35.0",
        "@oxlint/linux-x64-gnu": "1.35.0",
        "@oxlint/linux-x64-musl": "1.35.0",
        "@oxlint/win32-arm64": "1.35.0",
        "@oxlint/win32-x64": "1.35.0"
      },
      "peerDependencies": {
        "oxlint-tsgolint": ">=0.10.0"
      },
      "peerDependenciesMeta": {
        "oxlint-tsgolint": {
          "optional": true
        }
      }
    },
    "node_modules/p-limit": {
      "version": "7.2.0",
      "resolved": "https://registry.npmjs.org/p-limit/-/p-limit-7.2.0.tgz",
      "integrity": "sha512-ATHLtwoTNDloHRFFxFJdHnG6n2WUeFjaR8XQMFdKIv0xkXjrER8/iG9iu265jOM95zXHAfv9oTkqhrfbIzosrQ==",
      "license": "MIT",
      "dependencies": {
        "yocto-queue": "^1.2.1"
      },
      "engines": {
        "node": ">=20"
      },
      "funding": {
        "url": "https://github.com/sponsors/sindresorhus"
      }
    },
    "node_modules/typescript": {
      "version": "5.9.3",
      "dev": true,
      "license": "Apache-2.0",
      "bin": {
        "tsc": "bin/tsc",
        "tsserver": "bin/tsserver"
      },
      "engines": {
        "node": ">=14.17"
      }
    },
    "node_modules/undici-types": {
      "version": "6.21.0",
      "dev": true,
      "license": "MIT"
    },
    "node_modules/yaml": {
      "version": "2.8.2",
      "license": "ISC",
      "bin": {
        "yaml": "bin.mjs"
      },
      "engines": {
        "node": ">= 14.6"
      },
      "funding": {
        "url": "https://github.com/sponsors/eemeli"
      }
    },
    "node_modules/yocto-queue": {
      "version": "1.2.2",
      "license": "MIT",
      "engines": {
        "node": ">=12.20"
      },
      "funding": {
        "url": "https://github.com/sponsors/sindresorhus"
      }
    },
    "website": {
      "name": "gh-actions-lockfile-website",
      "version": "0.0.1",
      "dependencies": {
        "@astrojs/mdx": "^4.3.13",
        "@astrojs/react": "^4.0.0",
        "@radix-ui/react-collapsible": "^1.1.0",
        "@radix-ui/react-slot": "^1.1.0",
        "@tailwindcss/typography": "^0.5.16",
        "@tailwindcss/vite": "^4.0.0",
        "astro": "^5.0.0",
        "class-variance-authority": "^0.7.0",
        "clsx": "^2.1.0",
        "lucide-react": "^0.561.0",
        "react": "^19.2.3",
        "react-dom": "^19.2.3",
        "tailwind-merge": "^3.4.0",
        "tailwindcss": "^4.1.18",
        "tw-animate-css": "^1.0.0"
      },
      "devDependencies": {
        "@types/react": "^19.2.7",
        "@types/react-dom": "^19.2.3"
      }
    },
    "website/node_modules/@astrojs/mdx": {},
    "website/node_modules/@astrojs/react": {},
    "website/node_modules/@radix-ui/react-collapsible": {},
    "website/node_modules/@radix-ui/react-slot": {},
    "website/node_modules/@tailwindcss/typography": {},
    "website/node_modules/@tailwindcss/vite": {},
    "website/node_modules/@types/react": {
      "dev": true
    },
    "website/node_modules/@types/react-dom": {
      "dev": true
    },
    "website/node_modules/astro": {},
    "website/node_modules/class-variance-authority": {},
    "website/node_modules/clsx": {},
    "website/node_modules/lucide-react": {},
    "website/node_modules/react": {},
    "website/node_modules/react-dom": {},
    "website/node_modules/tailwind-merge": {},
    "website/node_modules/tailwindcss": {},
    "website/node_modules/tw-animate-css": {}
  }
}
